
Microsoft Visual Studio Solution File, Format Version 12.00
# Visual Studio Version 17
VisualStudioVersion = 17.9.34607.119
MinimumVisualStudioVersion = 10.0.40219.1
Project("{FAE04EC0-301F-11D3-BF4B-00C04F79EFBC}") = "esercizio-mvc2-backend", "esercizio-mvc2-backend\esercizio-mvc2-backend.csproj", "{864D0B5D-7EFB-4AF5-8A7B-BDDC1F1D6AAF}"
EndProject
Global
	GlobalSection(SolutionConfigurationPlatforms) = preSolution
		Debug|Any CPU = Debug|Any CPU
		Release|Any CPU = Release|Any CPU
	EndGlobalSection
	GlobalSection(ProjectConfigurationPlatforms) = postSolution
		{864D0B5D-7EFB-4AF5-8A7B-BDDC1F1D6AAF}.Debug|Any CPU.ActiveCfg = Debug|Any CPU
		{864D0B5D-7EFB-4AF5-8A7B-BDDC1F1D6AAF}.Debug|Any CPU.Build.0 = Debug|Any CPU
		{864D0B5D-7EFB-4AF5-8A7B-BDDC1F1D6AAF}.Release|Any CPU.ActiveCfg = Release|Any CPU
		{864D0B5D-7EFB-4AF5-8A7B-BDDC1F1D6AAF}.Release|Any CPU.Build.0 = Release|Any CPU
	EndGlobalSection
	GlobalSection(SolutionProperties) = preSolution
		HideSolutionNode = FALSE
	EndGlobalSection
	GlobalSection(ExtensibilityGlobals) = postSolution
		SolutionGuid = {B4733533-CB00-439A-9575-EF0DE280DF33}
	EndGlobalSection
EndGlobal
